
Microsoft Visual Studio Solution File, Format Version 12.00
# Visual Studio 15
VisualStudioVersion = 15.0.27428.2037
MinimumVisualStudioVersion = 10.0.40219.1
Project("{FAE04EC0-301F-11D3-BF4B-00C04F79EFBC}") = "GUI", "ConsoleApp1\GUI.csproj", "{AB079C08-881A-4373-A256-0C980FFC5973}"
EndProject
Project("{FAE04EC0-301F-11D3-BF4B-00C04F79EFBC}") = "BLL", "BLL\BLL.csproj", "{3F904A6D-EE5B-4DCC-8C40-F7E02D7D499C}"
EndProject
Global
	GlobalSection(SolutionConfigurationPlatforms) = preSolution
		Debug|Any CPU = Debug|Any CPU
		Release|Any CPU = Release|Any CPU
	EndGlobalSection
	GlobalSection(ProjectConfigurationPlatforms) = postSolution
		{AB079C08-881A-4373-A256-0C980FFC5973}.Debug|Any CPU.ActiveCfg = Debug|Any CPU
		{AB079C08-881A-4373-A256-0C980FFC5973}.Debug|Any CPU.Build.0 = Debug|Any CPU
		{AB079C08-881A-4373-A256-0C980FFC5973}.Release|Any CPU.ActiveCfg = Release|Any CPU
		{AB079C08-881A-4373-A256-0C980FFC5973}.Release|Any CPU.Build.0 = Release|Any CPU
		{3F904A6D-EE5B-4DCC-8C40-F7E02D7D499C}.Debug|Any CPU.ActiveCfg = Debug|Any CPU
		{3F904A6D-EE5B-4DCC-8C40-F7E02D7D499C}.Debug|Any CPU.Build.0 = Debug|Any CPU
		{3F904A6D-EE5B-4DCC-8C40-F7E02D7D499C}.Release|Any CPU.ActiveCfg = Release|Any CPU
		{3F904A6D-EE5B-4DCC-8C40-F7E02D7D499C}.Release|Any CPU.Build.0 = Release|Any CPU
	EndGlobalSection
	GlobalSection(SolutionProperties) = preSolution
		HideSolutionNode = FALSE
	EndGlobalSection
	GlobalSection(ExtensibilityGlobals) = postSolution
		SolutionGuid = {AC07523D-91DD-407A-94CB-EE3584899AA8}
	EndGlobalSection
EndGlobal
